
Microsoft Visual Studio Solution File, Format Version 12.00
# Visual Studio 2012
Project("{FAE04EC0-301F-11D3-BF4B-00C04F79EFBC}") = "rift.net.games", "rift.net.games\rift.net.games.csproj", "{6AD62792-19A2-4FC4-8571-BD541F3C788D}"
EndProject
Project("{FAE04EC0-301F-11D3-BF4B-00C04F79EFBC}") = "rift.net.games.tests", "rift.net.games.tests\rift.net.games.tests.csproj", "{9006D1DA-0CE4-4BC5-902B-2CB77F046CFC}"
EndProject
Project("{2150E333-8FDC-42A3-9474-1A3956D46DE8}") = ".nuget", ".nuget", "{3B1D1B56-49DE-43DD-923B-E0DD9DE4853A}"
	ProjectSection(SolutionItems) = preProject
		.nuget\NuGet.Config = .nuget\NuGet.Config
		.nuget\NuGet.exe = .nuget\NuGet.exe
		.nuget\NuGet.targets = .nuget\NuGet.targets
	EndProjectSection
EndProject
Global
	GlobalSection(SolutionConfigurationPlatforms) = preSolution
		Debug|x86 = Debug|x86
		Release|x86 = Release|x86
	EndGlobalSection
	GlobalSection(ProjectConfigurationPlatforms) = postSolution
		{6AD62792-19A2-4FC4-8571-BD541F3C788D}.Debug|x86.ActiveCfg = Debug|Any CPU
		{6AD62792-19A2-4FC4-8571-BD541F3C788D}.Debug|x86.Build.0 = Debug|Any CPU
		{6AD62792-19A2-4FC4-8571-BD541F3C788D}.Release|x86.ActiveCfg = Release|Any CPU
		{6AD62792-19A2-4FC4-8571-BD541F3C788D}.Release|x86.Build.0 = Release|Any CPU
		{9006D1DA-0CE4-4BC5-902B-2CB77F046CFC}.Debug|x86.ActiveCfg = Debug|Any CPU
		{9006D1DA-0CE4-4BC5-902B-2CB77F046CFC}.Debug|x86.Build.0 = Debug|Any CPU
		{9006D1DA-0CE4-4BC5-902B-2CB77F046CFC}.Release|x86.ActiveCfg = Release|Any CPU
		{9006D1DA-0CE4-4BC5-902B-2CB77F046CFC}.Release|x86.Build.0 = Release|Any CPU
	EndGlobalSection
	GlobalSection(NestedProjects) = preSolution
	EndGlobalSection
EndGlobal
